
Microsoft Visual Studio Solution File, Format Version 12.00
# Visual Studio 15
VisualStudioVersion = 15.0.28010.2041
MinimumVisualStudioVersion = 10.0.40219.1
Project("{FAE04EC0-301F-11D3-BF4B-00C04F79EFBC}") = "webApi_produtos", "webApi_produtos\webApi_produtos.csproj", "{1518635A-0BC8-4C34-9081-514CED94FD92}"
EndProject
Global
	GlobalSection(SolutionConfigurationPlatforms) = preSolution
		Debug|Any CPU = Debug|Any CPU
		Release|Any CPU = Release|Any CPU
	EndGlobalSection
	GlobalSection(ProjectConfigurationPlatforms) = postSolution
		{1518635A-0BC8-4C34-9081-514CED94FD92}.Debug|Any CPU.ActiveCfg = Debug|Any CPU
		{1518635A-0BC8-4C34-9081-514CED94FD92}.Debug|Any CPU.Build.0 = Debug|Any CPU
		{1518635A-0BC8-4C34-9081-514CED94FD92}.Release|Any CPU.ActiveCfg = Release|Any CPU
		{1518635A-0BC8-4C34-9081-514CED94FD92}.Release|Any CPU.Build.0 = Release|Any CPU
	EndGlobalSection
	GlobalSection(SolutionProperties) = preSolution
		HideSolutionNode = FALSE
	EndGlobalSection
	GlobalSection(ExtensibilityGlobals) = postSolution
		SolutionGuid = {160882B6-9257-4E48-802D-9C9C9DD789E6}
	EndGlobalSection
EndGlobal
